
Microsoft Visual Studio Solution File, Format Version 12.00
# Visual Studio Version 17
VisualStudioVersion = 17.0.31710.8
MinimumVisualStudioVersion = 10.0.40219.1
Project("{FAE04EC0-301F-11D3-BF4B-00C04F79EFBC}") = "JQueryAjaxCrud", "JQueryAjaxCrud\JQueryAjaxCrud.csproj", "{E9DAEF03-88CB-461C-A2FD-7564DC18E857}"
EndProject
Global
	GlobalSection(SolutionConfigurationPlatforms) = preSolution
		Debug|Any CPU = Debug|Any CPU
		Release|Any CPU = Release|Any CPU
	EndGlobalSection
	GlobalSection(ProjectConfigurationPlatforms) = postSolution
		{E9DAEF03-88CB-461C-A2FD-7564DC18E857}.Debug|Any CPU.ActiveCfg = Debug|Any CPU
		{E9DAEF03-88CB-461C-A2FD-7564DC18E857}.Debug|Any CPU.Build.0 = Debug|Any CPU
		{E9DAEF03-88CB-461C-A2FD-7564DC18E857}.Release|Any CPU.ActiveCfg = Release|Any CPU
		{E9DAEF03-88CB-461C-A2FD-7564DC18E857}.Release|Any CPU.Build.0 = Release|Any CPU
	EndGlobalSection
	GlobalSection(SolutionProperties) = preSolution
		HideSolutionNode = FALSE
	EndGlobalSection
	GlobalSection(ExtensibilityGlobals) = postSolution
		SolutionGuid = {334654BC-FF6C-4312-A886-40EA7015BC3D}
	EndGlobalSection
EndGlobal
